// !$*UTF8*$!
{
	archiveVersion = 1;
	classes = {
	};
	objectVersion = 46;
	objects = {

/* Begin PBXBuildFile section */
		0102646E1C4207AE00564738 /* WPReadingTableViewController.m in Sources */ = {isa = PBXBuildFile; fileRef = 0102646D1C4207AE00564738 /* WPReadingTableViewController.m */; };
		010264701C4207BC00564738 /* Reading.storyboard in Resources */ = {isa = PBXBuildFile; fileRef = 0102646F1C4207BC00564738 /* Reading.storyboard */; };
		010264731C426DA200564738 /* topic_news.json in Resources */ = {isa = PBXBuildFile; fileRef = 010264721C426DA200564738 /* topic_news.json */; };
		010264761C426DC200564738 /* WPChannel.m in Sources */ = {isa = PBXBuildFile; fileRef = 010264751C426DC200564738 /* WPChannel.m */; };
		0102647A1C426FEF00564738 /* WPHomeLable.m in Sources */ = {isa = PBXBuildFile; fileRef = 010264791C426FEF00564738 /* WPHomeLable.m */; };
		019C1E7D1C315575008EAF88 /* Assets.xcassets in Resources */ = {isa = PBXBuildFile; fileRef = 019C1E7C1C315575008EAF88 /* Assets.xcassets */; };
		019C1E801C315575008EAF88 /* LaunchScreen.storyboard in Resources */ = {isa = PBXBuildFile; fileRef = 019C1E7E1C315575008EAF88 /* LaunchScreen.storyboard */; };
		019C1EC81C31570C008EAF88 /* AppDelegate.m in Sources */ = {isa = PBXBuildFile; fileRef = 019C1EAF1C31570C008EAF88 /* AppDelegate.m */; };
		019C1EC91C31570C008EAF88 /* main.m in Sources */ = {isa = PBXBuildFile; fileRef = 019C1EB01C31570C008EAF88 /* main.m */; };
		019C1ECC1C315956008EAF88 /* WPADViewController.m in Sources */ = {isa = PBXBuildFile; fileRef = 019C1ECB1C315956008EAF88 /* WPADViewController.m */; };
		019C1ED11C315EAC008EAF88 /* UIView+WPCategory.m in Sources */ = {isa = PBXBuildFile; fileRef = 019C1ED01C315EAC008EAF88 /* UIView+WPCategory.m */; };
		019C1ED71C3188DE008EAF88 /* WPMainTabBarController.m in Sources */ = {isa = PBXBuildFile; fileRef = 019C1ED61C3188DE008EAF88 /* WPMainTabBarController.m */; };
		019C1F081C33F2B4008EAF88 /* WPBottomTabBar.m in Sources */ = {isa = PBXBuildFile; fileRef = 019C1F041C33F2B4008EAF88 /* WPBottomTabBar.m */; };
		019C1F091C33F2B4008EAF88 /* WPBottomTabBarButton.m in Sources */ = {isa = PBXBuildFile; fileRef = 019C1F071C33F2B4008EAF88 /* WPBottomTabBarButton.m */; };
		01EF0BB71C3AC7BC00383DF2 /* Ad.storyboard in Resources */ = {isa = PBXBuildFile; fileRef = 01EF0BB61C3AC7BC00383DF2 /* Ad.storyboard */; };
		01EF0C0D1C3D2E9600383DF2 /* WPBaseNavigationController.m in Sources */ = {isa = PBXBuildFile; fileRef = 01EF0C0C1C3D2E9600383DF2 /* WPBaseNavigationController.m */; };
		01EF0C101C3D2EC000383DF2 /* WPMainViewController.m in Sources */ = {isa = PBXBuildFile; fileRef = 01EF0C0F1C3D2EC000383DF2 /* WPMainViewController.m */; };
		01EF0C121C3D2ECB00383DF2 /* Main.storyboard in Resources */ = {isa = PBXBuildFile; fileRef = 01EF0C111C3D2ECB00383DF2 /* Main.storyboard */; };
		01EF0C151C3D2FE900383DF2 /* WPDiscoverTableViewController.m in Sources */ = {isa = PBXBuildFile; fileRef = 01EF0C141C3D2FE900383DF2 /* WPDiscoverTableViewController.m */; };
		01EF0C171C3D300300383DF2 /* Discover.storyboard in Resources */ = {isa = PBXBuildFile; fileRef = 01EF0C161C3D300300383DF2 /* Discover.storyboard */; };
		01EF0C191C3D304800383DF2 /* Video.storyboard in Resources */ = {isa = PBXBuildFile; fileRef = 01EF0C181C3D304800383DF2 /* Video.storyboard */; };
		01EF0C1C1C3D305C00383DF2 /* WPVideoViewController.m in Sources */ = {isa = PBXBuildFile; fileRef = 01EF0C1B1C3D305C00383DF2 /* WPVideoViewController.m */; };
		01EF0C1F1C3D30BD00383DF2 /* WPMeViewController.m in Sources */ = {isa = PBXBuildFile; fileRef = 01EF0C1E1C3D30BD00383DF2 /* WPMeViewController.m */; };
		01EF0C211C3D30DC00383DF2 /* Me.storyboard in Resources */ = {isa = PBXBuildFile; fileRef = 01EF0C201C3D30DC00383DF2 /* Me.storyboard */; };
/* End PBXBuildFile section */

/* Begin PBXFileReference section */
		0102646C1C4207AE00564738 /* WPReadingTableViewController.h */ = {isa = PBXFileReference; fileEncoding = 4; lastKnownFileType = sourcecode.c.h; path = WPReadingTableViewController.h; sourceTree = "<group>"; };
		0102646D1C4207AE00564738 /* WPReadingTableViewController.m */ = {isa = PBXFileReference; fileEncoding = 4; lastKnownFileType = sourcecode.c.objc; path = WPReadingTableViewController.m; sourceTree = "<group>"; };
		0102646F1C4207BC00564738 /* Reading.storyboard */ = {isa = PBXFileReference; fileEncoding = 4; lastKnownFileType = file.storyboard; path = Reading.storyboard; sourceTree = "<group>"; };
		010264721C426DA200564738 /* topic_news.json */ = {isa = PBXFileReference; fileEncoding = 4; lastKnownFileType = text.json; path = topic_news.json; sourceTree = "<group>"; };
		010264741C426DC200564738 /* WPChannel.h */ = {isa = PBXFileReference; fileEncoding = 4; lastKnownFileType = sourcecode.c.h; path = WPChannel.h; sourceTree = "<group>"; };
		010264751C426DC200564738 /* WPChannel.m */ = {isa = PBXFileReference; fileEncoding = 4; lastKnownFileType = sourcecode.c.objc; path = WPChannel.m; sourceTree = "<group>"; };
		010264781C426FEF00564738 /* WPHomeLable.h */ = {isa = PBXFileReference; fileEncoding = 4; lastKnownFileType = sourcecode.c.h; path = WPHomeLable.h; sourceTree = "<group>"; };
		010264791C426FEF00564738 /* WPHomeLable.m */ = {isa = PBXFileReference; fileEncoding = 4; lastKnownFileType = sourcecode.c.objc; path = WPHomeLable.m; sourceTree = "<group>"; };
		019C1E6D1C315575008EAF88 /* WPNTES.app */ = {isa = PBXFileReference; explicitFileType = wrapper.application; includeInIndex = 0; path = WPNTES.app; sourceTree = BUILT_PRODUCTS_DIR; };
		019C1E7C1C315575008EAF88 /* Assets.xcassets */ = {isa = PBXFileReference; lastKnownFileType = folder.assetcatalog; path = Assets.xcassets; sourceTree = "<group>"; };
		019C1E7F1C315575008EAF88 /* Base */ = {isa = PBXFileReference; lastKnownFileType = file.storyboard; name = Base; path = Base.lproj/LaunchScreen.storyboard; sourceTree = "<group>"; };
		019C1E811C315575008EAF88 /* Info.plist */ = {isa = PBXFileReference; lastKnownFileType = text.plist.xml; path = Info.plist; sourceTree = "<group>"; };
		019C1EAE1C31570C008EAF88 /* AppDelegate.h */ = {isa = PBXFileReference; fileEncoding = 4; lastKnownFileType = sourcecode.c.h; path = AppDelegate.h; sourceTree = "<group>"; };
		019C1EAF1C31570C008EAF88 /* AppDelegate.m */ = {isa = PBXFileReference; fileEncoding = 4; lastKnownFileType = sourcecode.c.objc; path = AppDelegate.m; sourceTree = "<group>"; };
		019C1EB01C31570C008EAF88 /* main.m */ = {isa = PBXFileReference; fileEncoding = 4; lastKnownFileType = sourcecode.c.objc; path = main.m; sourceTree = "<group>"; };
		019C1ECA1C315956008EAF88 /* WPADViewController.h */ = {isa = PBXFileReference; fileEncoding = 4; lastKnownFileType = sourcecode.c.h; path = WPADViewController.h; sourceTree = "<group>"; };
		019C1ECB1C315956008EAF88 /* WPADViewController.m */ = {isa = PBXFileReference; fileEncoding = 4; lastKnownFileType = sourcecode.c.objc; path = WPADViewController.m; sourceTree = "<group>"; };
		019C1ECF1C315EAC008EAF88 /* UIView+WPCategory.h */ = {isa = PBXFileReference; fileEncoding = 4; lastKnownFileType = sourcecode.c.h; path = "UIView+WPCategory.h"; sourceTree = "<group>"; };
		019C1ED01C315EAC008EAF88 /* UIView+WPCategory.m */ = {isa = PBXFileReference; fileEncoding = 4; lastKnownFileType = sourcecode.c.objc; path = "UIView+WPCategory.m"; sourceTree = "<group>"; };
		019C1ED41C318383008EAF88 /* PrefixHeader.pch */ = {isa = PBXFileReference; lastKnownFileType = sourcecode.c.h; path = PrefixHeader.pch; sourceTree = "<group>"; };
		019C1ED51C3188DE008EAF88 /* WPMainTabBarController.h */ = {isa = PBXFileReference; fileEncoding = 4; lastKnownFileType = sourcecode.c.h; path = WPMainTabBarController.h; sourceTree = "<group>"; };
		019C1ED61C3188DE008EAF88 /* WPMainTabBarController.m */ = {isa = PBXFileReference; fileEncoding = 4; lastKnownFileType = sourcecode.c.objc; path = WPMainTabBarController.m; sourceTree = "<group>"; };
		019C1F031C33F2B4008EAF88 /* WPBottomTabBar.h */ = {isa = PBXFileReference; fileEncoding = 4; lastKnownFileType = sourcecode.c.h; path = WPBottomTabBar.h; sourceTree = "<group>"; };
		019C1F041C33F2B4008EAF88 /* WPBottomTabBar.m */ = {isa = PBXFileReference; fileEncoding = 4; lastKnownFileType = sourcecode.c.objc; path = WPBottomTabBar.m; sourceTree = "<group>"; };
		019C1F061C33F2B4008EAF88 /* WPBottomTabBarButton.h */ = {isa = PBXFileReference; fileEncoding = 4; lastKnownFileType = sourcecode.c.h; path = WPBottomTabBarButton.h; sourceTree = "<group>"; };
		019C1F071C33F2B4008EAF88 /* WPBottomTabBarButton.m */ = {isa = PBXFileReference; fileEncoding = 4; lastKnownFileType = sourcecode.c.objc; path = WPBottomTabBarButton.m; sourceTree = "<group>"; };
		01EF0BB61C3AC7BC00383DF2 /* Ad.storyboard */ = {isa = PBXFileReference; fileEncoding = 4; lastKnownFileType = file.storyboard; path = Ad.storyboard; sourceTree = "<group>"; };
		01EF0C0B1C3D2E9600383DF2 /* WPBaseNavigationController.h */ = {isa = PBXFileReference; fileEncoding = 4; lastKnownFileType = sourcecode.c.h; path = WPBaseNavigationController.h; sourceTree = "<group>"; };
		01EF0C0C1C3D2E9600383DF2 /* WPBaseNavigationController.m */ = {isa = PBXFileReference; fileEncoding = 4; lastKnownFileType = sourcecode.c.objc; path = WPBaseNavigationController.m; sourceTree = "<group>"; };
		01EF0C0E1C3D2EC000383DF2 /* WPMainViewController.h */ = {isa = PBXFileReference; fileEncoding = 4; lastKnownFileType = sourcecode.c.h; path = WPMainViewController.h; sourceTree = "<group>"; };
		01EF0C0F1C3D2EC000383DF2 /* WPMainViewController.m */ = {isa = PBXFileReference; fileEncoding = 4; lastKnownFileType = sourcecode.c.objc; path = WPMainViewController.m; sourceTree = "<group>"; };
		01EF0C111C3D2ECB00383DF2 /* Main.storyboard */ = {isa = PBXFileReference; fileEncoding = 4; lastKnownFileType = file.storyboard; path = Main.storyboard; sourceTree = "<group>"; };
		01EF0C131C3D2FE900383DF2 /* WPDiscoverTableViewController.h */ = {isa = PBXFileReference; fileEncoding = 4; lastKnownFileType = sourcecode.c.h; path = WPDiscoverTableViewController.h; sourceTree = "<group>"; };
		01EF0C141C3D2FE900383DF2 /* WPDiscoverTableViewController.m */ = {isa = PBXFileReference; fileEncoding = 4; lastKnownFileType = sourcecode.c.objc; path = WPDiscoverTableViewController.m; sourceTree = "<group>"; };
		01EF0C161C3D300300383DF2 /* Discover.storyboard */ = {isa = PBXFileReference; fileEncoding = 4; lastKnownFileType = file.storyboard; path = Discover.storyboard; sourceTree = "<group>"; };
		01EF0C181C3D304800383DF2 /* Video.storyboard */ = {isa = PBXFileReference; fileEncoding = 4; lastKnownFileType = file.storyboard; path = Video.storyboard; sourceTree = "<group>"; };
		01EF0C1A1C3D305C00383DF2 /* WPVideoViewController.h */ = {isa = PBXFileReference; fileEncoding = 4; lastKnownFileType = sourcecode.c.h; path = WPVideoViewController.h; sourceTree = "<group>"; };
		01EF0C1B1C3D305C00383DF2 /* WPVideoViewController.m */ = {isa = PBXFileReference; fileEncoding = 4; lastKnownFileType = sourcecode.c.objc; path = WPVideoViewController.m; sourceTree = "<group>"; };
		01EF0C1D1C3D30BD00383DF2 /* WPMeViewController.h */ = {isa = PBXFileReference; fileEncoding = 4; lastKnownFileType = sourcecode.c.h; path = WPMeViewController.h; sourceTree = "<group>"; };
		01EF0C1E1C3D30BD00383DF2 /* WPMeViewController.m */ = {isa = PBXFileReference; fileEncoding = 4; lastKnownFileType = sourcecode.c.objc; path = WPMeViewController.m; sourceTree = "<group>"; };
		01EF0C201C3D30DC00383DF2 /* Me.storyboard */ = {isa = PBXFileReference; fileEncoding = 4; lastKnownFileType = file.storyboard; path = Me.storyboard; sourceTree = "<group>"; };
/* End PBXFileReference section */

/* Begin PBXFrameworksBuildPhase section */
		019C1E6A1C315575008EAF88 /* Frameworks */ = {
			isa = PBXFrameworksBuildPhase;
			buildActionMask = 2147483647;
			files = (
			);
			runOnlyForDeploymentPostprocessing = 0;
		};
/* End PBXFrameworksBuildPhase section */

/* Begin PBXGroup section */
		010264711C426D7800564738 /* JSON */ = {
			isa = PBXGroup;
			children = (
				010264721C426DA200564738 /* topic_news.json */,
			);
			path = JSON;
			sourceTree = "<group>";
		};
		010264771C426FCB00564738 /* HomeLable */ = {
			isa = PBXGroup;
			children = (
				010264781C426FEF00564738 /* WPHomeLable.h */,
				010264791C426FEF00564738 /* WPHomeLable.m */,
			);
			path = HomeLable;
			sourceTree = "<group>";
		};
		019C1E641C315575008EAF88 = {
			isa = PBXGroup;
			children = (
				019C1E6F1C315575008EAF88 /* WPNTES */,
				019C1E6E1C315575008EAF88 /* Products */,
			);
			sourceTree = "<group>";
		};
		019C1E6E1C315575008EAF88 /* Products */ = {
			isa = PBXGroup;
			children = (
				019C1E6D1C315575008EAF88 /* WPNTES.app */,
			);
			name = Products;
			sourceTree = "<group>";
		};
		019C1E6F1C315575008EAF88 /* WPNTES */ = {
			isa = PBXGroup;
			children = (
				019C1E871C31570C008EAF88 /* Classes */,
				019C1E701C315575008EAF88 /* Supporting Files */,
			);
			path = WPNTES;
			sourceTree = "<group>";
		};
		019C1E701C315575008EAF88 /* Supporting Files */ = {
			isa = PBXGroup;
			children = (
				019C1E7C1C315575008EAF88 /* Assets.xcassets */,
				019C1E7E1C315575008EAF88 /* LaunchScreen.storyboard */,
				019C1E811C315575008EAF88 /* Info.plist */,
			);
			name = "Supporting Files";
			sourceTree = "<group>";
		};
		019C1E871C31570C008EAF88 /* Classes */ = {
			isa = PBXGroup;
			children = (
				019C1E881C31570C008EAF88 /* AD-广告控制器 */,
				019C1EA01C31570C008EAF88 /* MainTabBar-自定义tabBar控制器 */,
				019C1E9C1C31570C008EAF88 /* Main-tabBar子控制器 */,
				019C1EB81C31570C008EAF88 /* Reading-tabBar子控制器 */,
				019C1E901C31570C008EAF88 /* Discover-tabBar子控制器 */,
				019C1EC41C31570C008EAF88 /* Video-tabBar子控制器 */,
				019C1EA41C31570C008EAF88 /* Me-tabBar子控制器 */,
				019C1E941C31570C008EAF88 /* Headline-main子控制器 */,
				019C1EC01C31570C008EAF88 /* Society-main子控制器 */,
				019C1EA81C31570C008EAF88 /* NewsDetail-点击头条cell的跳转 */,
				019C1E981C31570C008EAF88 /* LeftMenu-左侧菜单视图 */,
				019C1EBC1C31570C008EAF88 /* Reply-跟帖控制器 */,
				019C1EB41C31570C008EAF88 /* Picture-图片控制器 */,
				019C1E8C1C31570C008EAF88 /* CopySample-拷贝使用 */,
				019C1EAC1C31570C008EAF88 /* Other */,
			);
			path = Classes;
			sourceTree = "<group>";
		};
		019C1E881C31570C008EAF88 /* AD-广告控制器 */ = {
			isa = PBXGroup;
			children = (
				019C1E891C31570C008EAF88 /* Controller */,
				019C1E8A1C31570C008EAF88 /* Models */,
				019C1E8B1C31570C008EAF88 /* Views */,
			);
			name = "AD-广告控制器";
			path = AD;
			sourceTree = "<group>";
		};
		019C1E891C31570C008EAF88 /* Controller */ = {
			isa = PBXGroup;
			children = (
				019C1ECA1C315956008EAF88 /* WPADViewController.h */,
				019C1ECB1C315956008EAF88 /* WPADViewController.m */,
			);
			path = Controller;
			sourceTree = "<group>";
		};
		019C1E8A1C31570C008EAF88 /* Models */ = {
			isa = PBXGroup;
			children = (
			);
			path = Models;
			sourceTree = "<group>";
		};
		019C1E8B1C31570C008EAF88 /* Views */ = {
			isa = PBXGroup;
			children = (
				01EF0BB61C3AC7BC00383DF2 /* Ad.storyboard */,
			);
			path = Views;
			sourceTree = "<group>";
		};
		019C1E8C1C31570C008EAF88 /* CopySample-拷贝使用 */ = {
			isa = PBXGroup;
			children = (
				019C1E8D1C31570C008EAF88 /* Controller */,
				019C1E8E1C31570C008EAF88 /* Models */,
				019C1E8F1C31570C008EAF88 /* Views */,
			);
			name = "CopySample-拷贝使用";
			path = CopySample;
			sourceTree = "<group>";
		};
		019C1E8D1C31570C008EAF88 /* Controller */ = {
			isa = PBXGroup;
			children = (
			);
			path = Controller;
			sourceTree = "<group>";
		};
		019C1E8E1C31570C008EAF88 /* Models */ = {
			isa = PBXGroup;
			children = (
			);
			path = Models;
			sourceTree = "<group>";
		};
		019C1E8F1C31570C008EAF88 /* Views */ = {
			isa = PBXGroup;
			children = (
			);
			path = Views;
			sourceTree = "<group>";
		};
		019C1E901C31570C008EAF88 /* Discover-tabBar子控制器 */ = {
			isa = PBXGroup;
			children = (
				019C1E911C31570C008EAF88 /* Controller */,
				019C1E921C31570C008EAF88 /* Models */,
				019C1E931C31570C008EAF88 /* Views */,
			);
			name = "Discover-tabBar子控制器";
			path = Discover;
			sourceTree = "<group>";
		};
		019C1E911C31570C008EAF88 /* Controller */ = {
			isa = PBXGroup;
			children = (
				01EF0C131C3D2FE900383DF2 /* WPDiscoverTableViewController.h */,
				01EF0C141C3D2FE900383DF2 /* WPDiscoverTableViewController.m */,
			);
			path = Controller;
			sourceTree = "<group>";
		};
		019C1E921C31570C008EAF88 /* Models */ = {
			isa = PBXGroup;
			children = (
			);
			path = Models;
			sourceTree = "<group>";
		};
		019C1E931C31570C008EAF88 /* Views */ = {
			isa = PBXGroup;
			children = (
				01EF0C161C3D300300383DF2 /* Discover.storyboard */,
			);
			path = Views;
			sourceTree = "<group>";
		};
		019C1E941C31570C008EAF88 /* Headline-main子控制器 */ = {
			isa = PBXGroup;
			children = (
				019C1E951C31570C008EAF88 /* Controller */,
				019C1E961C31570C008EAF88 /* Models */,
				019C1E971C31570C008EAF88 /* Views */,
			);
			name = "Headline-main子控制器";
			path = Headline;
			sourceTree = "<group>";
		};
		019C1E951C31570C008EAF88 /* Controller */ = {
			isa = PBXGroup;
			children = (
			);
			path = Controller;
			sourceTree = "<group>";
		};
		019C1E961C31570C008EAF88 /* Models */ = {
			isa = PBXGroup;
			children = (
			);
			path = Models;
			sourceTree = "<group>";
		};
		019C1E971C31570C008EAF88 /* Views */ = {
			isa = PBXGroup;
			children = (
			);
			path = Views;
			sourceTree = "<group>";
		};
		019C1E981C31570C008EAF88 /* LeftMenu-左侧菜单视图 */ = {
			isa = PBXGroup;
			children = (
				019C1E991C31570C008EAF88 /* Controller */,
				019C1E9A1C31570C008EAF88 /* Models */,
				019C1E9B1C31570C008EAF88 /* Views */,
			);
			name = "LeftMenu-左侧菜单视图";
			path = LeftMenu;
			sourceTree = "<group>";
		};
		019C1E991C31570C008EAF88 /* Controller */ = {
			isa = PBXGroup;
			children = (
			);
			path = Controller;
			sourceTree = "<group>";
		};
		019C1E9A1C31570C008EAF88 /* Models */ = {
			isa = PBXGroup;
			children = (
			);
			path = Models;
			sourceTree = "<group>";
		};
		019C1E9B1C31570C008EAF88 /* Views */ = {
			isa = PBXGroup;
			children = (
			);
			path = Views;
			sourceTree = "<group>";
		};
		019C1E9C1C31570C008EAF88 /* Main-tabBar子控制器 */ = {
			isa = PBXGroup;
			children = (
				019C1E9D1C31570C008EAF88 /* Controller */,
				019C1E9E1C31570C008EAF88 /* Models */,
				019C1E9F1C31570C008EAF88 /* Views */,
			);
			name = "Main-tabBar子控制器";
			path = Main;
			sourceTree = "<group>";
		};
		019C1E9D1C31570C008EAF88 /* Controller */ = {
			isa = PBXGroup;
			children = (
				01EF0C0E1C3D2EC000383DF2 /* WPMainViewController.h */,
				01EF0C0F1C3D2EC000383DF2 /* WPMainViewController.m */,
			);
			path = Controller;
			sourceTree = "<group>";
		};
		019C1E9E1C31570C008EAF88 /* Models */ = {
			isa = PBXGroup;
			children = (
				010264711C426D7800564738 /* JSON */,
				010264741C426DC200564738 /* WPChannel.h */,
				010264751C426DC200564738 /* WPChannel.m */,
			);
			path = Models;
			sourceTree = "<group>";
		};
		019C1E9F1C31570C008EAF88 /* Views */ = {
			isa = PBXGroup;
			children = (
				010264771C426FCB00564738 /* HomeLable */,
				01EF0C111C3D2ECB00383DF2 /* Main.storyboard */,
			);
			path = Views;
			sourceTree = "<group>";
		};
		019C1EA01C31570C008EAF88 /* MainTabBar-自定义tabBar控制器 */ = {
			isa = PBXGroup;
			children = (
				019C1EA11C31570C008EAF88 /* Controller */,
				019C1EA21C31570C008EAF88 /* Models */,
				019C1EA31C31570C008EAF88 /* Views */,
			);
			name = "MainTabBar-自定义tabBar控制器";
			path = MainTabBar;
			sourceTree = "<group>";
		};
		019C1EA11C31570C008EAF88 /* Controller */ = {
			isa = PBXGroup;
			children = (
				01EF0C0A1C3D2E6600383DF2 /* BaseNavigationController */,
				019C1F021C33F2B4008EAF88 /* BottomTabBar */,
				019C1F051C33F2B4008EAF88 /* BottomTabBarButton */,
				019C1ED51C3188DE008EAF88 /* WPMainTabBarController.h */,
				019C1ED61C3188DE008EAF88 /* WPMainTabBarController.m */,
			);
			path = Controller;
			sourceTree = "<group>";
		};
		019C1EA21C31570C008EAF88 /* Models */ = {
			isa = PBXGroup;
			children = (
			);
			path = Models;
			sourceTree = "<group>";
		};
		019C1EA31C31570C008EAF88 /* Views */ = {
			isa = PBXGroup;
			children = (
			);
			path = Views;
			sourceTree = "<group>";
		};
		019C1EA41C31570C008EAF88 /* Me-tabBar子控制器 */ = {
			isa = PBXGroup;
			children = (
				019C1EA51C31570C008EAF88 /* Controller */,
				019C1EA61C31570C008EAF88 /* Models */,
				019C1EA71C31570C008EAF88 /* Views */,
			);
			name = "Me-tabBar子控制器";
			path = Me;
			sourceTree = "<group>";
		};
		019C1EA51C31570C008EAF88 /* Controller */ = {
			isa = PBXGroup;
			children = (
				01EF0C1D1C3D30BD00383DF2 /* WPMeViewController.h */,
				01EF0C1E1C3D30BD00383DF2 /* WPMeViewController.m */,
			);
			path = Controller;
			sourceTree = "<group>";
		};
		019C1EA61C31570C008EAF88 /* Models */ = {
			isa = PBXGroup;
			children = (
			);
			path = Models;
			sourceTree = "<group>";
		};
		019C1EA71C31570C008EAF88 /* Views */ = {
			isa = PBXGroup;
			children = (
				01EF0C201C3D30DC00383DF2 /* Me.storyboard */,
			);
			path = Views;
			sourceTree = "<group>";
		};
		019C1EA81C31570C008EAF88 /* NewsDetail-点击头条cell的跳转 */ = {
			isa = PBXGroup;
			children = (
				019C1EA91C31570C008EAF88 /* Controller */,
				019C1EAA1C31570C008EAF88 /* Models */,
				019C1EAB1C31570C008EAF88 /* Views */,
			);
			name = "NewsDetail-点击头条cell的跳转";
			path = NewsDetail;
			sourceTree = "<group>";
		};
		019C1EA91C31570C008EAF88 /* Controller */ = {
			isa = PBXGroup;
			children = (
			);
			path = Controller;
			sourceTree = "<group>";
		};
		019C1EAA1C31570C008EAF88 /* Models */ = {
			isa = PBXGroup;
			children = (
			);
			path = Models;
			sourceTree = "<group>";
		};
		019C1EAB1C31570C008EAF88 /* Views */ = {
			isa = PBXGroup;
			children = (
			);
			path = Views;
			sourceTree = "<group>";
		};
		019C1EAC1C31570C008EAF88 /* Other */ = {
			isa = PBXGroup;
			children = (
				019C1EAD1C31570C008EAF88 /* Assets-系统代理及主函数 */,
				019C1EB11C31570C008EAF88 /* Category-分类 */,
				019C1EB21C31570C008EAF88 /* Library-第三方库 */,
				019C1EB31C31570C008EAF88 /* Tools-工具及常量 */,
			);
			path = Other;
			sourceTree = "<group>";
		};
		019C1EAD1C31570C008EAF88 /* Assets-系统代理及主函数 */ = {
			isa = PBXGroup;
			children = (
				019C1EAE1C31570C008EAF88 /* AppDelegate.h */,
				019C1EAF1C31570C008EAF88 /* AppDelegate.m */,
				019C1EB01C31570C008EAF88 /* main.m */,
			);
			name = "Assets-系统代理及主函数";
			path = Assets;
			sourceTree = "<group>";
		};
		019C1EB11C31570C008EAF88 /* Category-分类 */ = {
			isa = PBXGroup;
			children = (
				019C1ECF1C315EAC008EAF88 /* UIView+WPCategory.h */,
				019C1ED01C315EAC008EAF88 /* UIView+WPCategory.m */,
			);
			name = "Category-分类";
			path = Category;
			sourceTree = "<group>";
		};
		019C1EB21C31570C008EAF88 /* Library-第三方库 */ = {
			isa = PBXGroup;
			children = (
			);
			name = "Library-第三方库";
			path = Library;
			sourceTree = "<group>";
		};
		019C1EB31C31570C008EAF88 /* Tools-工具及常量 */ = {
			isa = PBXGroup;
			children = (
				019C1ED41C318383008EAF88 /* PrefixHeader.pch */,
			);
			name = "Tools-工具及常量";
			path = Tools;
			sourceTree = "<group>";
		};
		019C1EB41C31570C008EAF88 /* Picture-图片控制器 */ = {
			isa = PBXGroup;
			children = (
				019C1EB51C31570C008EAF88 /* Controller */,
				019C1EB61C31570C008EAF88 /* Models */,
				019C1EB71C31570C008EAF88 /* Views */,
			);
			name = "Picture-图片控制器";
			path = Picture;
			sourceTree = "<group>";
		};
		019C1EB51C31570C008EAF88 /* Controller */ = {
			isa = PBXGroup;
			children = (
			);
			path = Controller;
			sourceTree = "<group>";
		};
		019C1EB61C31570C008EAF88 /* Models */ = {
			isa = PBXGroup;
			children = (
			);
			path = Models;
			sourceTree = "<group>";
		};
		019C1EB71C31570C008EAF88 /* Views */ = {
			isa = PBXGroup;
			children = (
			);
			path = Views;
			sourceTree = "<group>";
		};
		019C1EB81C31570C008EAF88 /* Reading-tabBar子控制器 */ = {
			isa = PBXGroup;
			children = (
				019C1EB91C31570C008EAF88 /* Controller */,
				019C1EBA1C31570C008EAF88 /* Models */,
				019C1EBB1C31570C008EAF88 /* Views */,
			);
			name = "Reading-tabBar子控制器";
			path = Reading;
			sourceTree = "<group>";
		};
		019C1EB91C31570C008EAF88 /* Controller */ = {
			isa = PBXGroup;
			children = (
				0102646C1C4207AE00564738 /* WPReadingTableViewController.h */,
				0102646D1C4207AE00564738 /* WPReadingTableViewController.m */,
			);
			path = Controller;
			sourceTree = "<group>";
		};
		019C1EBA1C31570C008EAF88 /* Models */ = {
			isa = PBXGroup;
			children = (
			);
			path = Models;
			sourceTree = "<group>";
		};
		019C1EBB1C31570C008EAF88 /* Views */ = {
			isa = PBXGroup;
			children = (
				0102646F1C4207BC00564738 /* Reading.storyboard */,
			);
			path = Views;
			sourceTree = "<group>";
		};
		019C1EBC1C31570C008EAF88 /* Reply-跟帖控制器 */ = {
			isa = PBXGroup;
			children = (
				019C1EBD1C31570C008EAF88 /* Controller */,
				019C1EBE1C31570C008EAF88 /* Models */,
				019C1EBF1C31570C008EAF88 /* Views */,
			);
			name = "Reply-跟帖控制器";
			path = Reply;
			sourceTree = "<group>";
		};
		019C1EBD1C31570C008EAF88 /* Controller */ = {
			isa = PBXGroup;
			children = (
			);
			path = Controller;
			sourceTree = "<group>";
		};
		019C1EBE1C31570C008EAF88 /* Models */ = {
			isa = PBXGroup;
			children = (
			);
			path = Models;
			sourceTree = "<group>";
		};
		019C1EBF1C31570C008EAF88 /* Views */ = {
			isa = PBXGroup;
			children = (
			);
			path = Views;
			sourceTree = "<group>";
		};
		019C1EC01C31570C008EAF88 /* Society-main子控制器 */ = {
			isa = PBXGroup;
			children = (
				019C1EC11C31570C008EAF88 /* Controller */,
				019C1EC21C31570C008EAF88 /* Models */,
				019C1EC31C31570C008EAF88 /* Views */,
			);
			name = "Society-main子控制器";
			path = Society;
			sourceTree = "<group>";
		};
		019C1EC11C31570C008EAF88 /* Controller */ = {
			isa = PBXGroup;
			children = (
			);
			path = Controller;
			sourceTree = "<group>";
		};
		019C1EC21C31570C008EAF88 /* Models */ = {
			isa = PBXGroup;
			children = (
			);
			path = Models;
			sourceTree = "<group>";
		};
		019C1EC31C31570C008EAF88 /* Views */ = {
			isa = PBXGroup;
			children = (
			);
			path = Views;
			sourceTree = "<group>";
		};
		019C1EC41C31570C008EAF88 /* Video-tabBar子控制器 */ = {
			isa = PBXGroup;
			children = (
				019C1EC51C31570C008EAF88 /* Controller */,
				019C1EC61C31570C008EAF88 /* Models */,
				019C1EC71C31570C008EAF88 /* Views */,
			);
			name = "Video-tabBar子控制器";
			path = Video;
			sourceTree = "<group>";
		};
		019C1EC51C31570C008EAF88 /* Controller */ = {
			isa = PBXGroup;
			children = (
				01EF0C1A1C3D305C00383DF2 /* WPVideoViewController.h */,
				01EF0C1B1C3D305C00383DF2 /* WPVideoViewController.m */,
			);
			path = Controller;
			sourceTree = "<group>";
		};
		019C1EC61C31570C008EAF88 /* Models */ = {
			isa = PBXGroup;
			children = (
			);
			path = Models;
			sourceTree = "<group>";
		};
		019C1EC71C31570C008EAF88 /* Views */ = {
			isa = PBXGroup;
			children = (
				01EF0C181C3D304800383DF2 /* Video.storyboard */,
			);
			path = Views;
			sourceTree = "<group>";
		};
		019C1F021C33F2B4008EAF88 /* BottomTabBar */ = {
			isa = PBXGroup;
			children = (
				019C1F031C33F2B4008EAF88 /* WPBottomTabBar.h */,
				019C1F041C33F2B4008EAF88 /* WPBottomTabBar.m */,
			);
			path = BottomTabBar;
			sourceTree = "<group>";
		};
		019C1F051C33F2B4008EAF88 /* BottomTabBarButton */ = {
			isa = PBXGroup;
			children = (
				019C1F061C33F2B4008EAF88 /* WPBottomTabBarButton.h */,
				019C1F071C33F2B4008EAF88 /* WPBottomTabBarButton.m */,
			);
			path = BottomTabBarButton;
			sourceTree = "<group>";
		};
		01EF0C0A1C3D2E6600383DF2 /* BaseNavigationController */ = {
			isa = PBXGroup;
			children = (
				01EF0C0B1C3D2E9600383DF2 /* WPBaseNavigationController.h */,
				01EF0C0C1C3D2E9600383DF2 /* WPBaseNavigationController.m */,
			);
			path = BaseNavigationController;
			sourceTree = "<group>";
		};
/* End PBXGroup section */

/* Begin PBXNativeTarget section */
		019C1E6C1C315575008EAF88 /* WPNTES */ = {
			isa = PBXNativeTarget;
			buildConfigurationList = 019C1E841C315575008EAF88 /* Build configuration list for PBXNativeTarget "WPNTES" */;
			buildPhases = (
				019C1E691C315575008EAF88 /* Sources */,
				019C1E6A1C315575008EAF88 /* Frameworks */,
				019C1E6B1C315575008EAF88 /* Resources */,
			);
			buildRules = (
			);
			dependencies = (
			);
			name = WPNTES;
			productName = WPNTES;
			productReference = 019C1E6D1C315575008EAF88 /* WPNTES.app */;
			productType = "com.apple.product-type.application";
		};
/* End PBXNativeTarget section */

/* Begin PBXProject section */
		019C1E651C315575008EAF88 /* Project object */ = {
			isa = PBXProject;
			attributes = {
				CLASSPREFIX = WP;
				LastUpgradeCheck = 0720;
				ORGANIZATIONNAME = wangpeng;
				TargetAttributes = {
					019C1E6C1C315575008EAF88 = {
						CreatedOnToolsVersion = 7.2;
					};
				};
			};
			buildConfigurationList = 019C1E681C315575008EAF88 /* Build configuration list for PBXProject "WPNTES" */;
			compatibilityVersion = "Xcode 3.2";
			developmentRegion = English;
			hasScannedForEncodings = 0;
			knownRegions = (
				en,
				Base,
			);
			mainGroup = 019C1E641C315575008EAF88;
			productRefGroup = 019C1E6E1C315575008EAF88 /* Products */;
			projectDirPath = "";
			projectRoot = "";
			targets = (
				019C1E6C1C315575008EAF88 /* WPNTES */,
			);
		};
/* End PBXProject section */

/* Begin PBXResourcesBuildPhase section */
		019C1E6B1C315575008EAF88 /* Resources */ = {
			isa = PBXResourcesBuildPhase;
			buildActionMask = 2147483647;
			files = (
				019C1E801C315575008EAF88 /* LaunchScreen.storyboard in Resources */,
				01EF0BB71C3AC7BC00383DF2 /* Ad.storyboard in Resources */,
				01EF0C191C3D304800383DF2 /* Video.storyboard in Resources */,
				010264731C426DA200564738 /* topic_news.json in Resources */,
				010264701C4207BC00564738 /* Reading.storyboard in Resources */,
				01EF0C171C3D300300383DF2 /* Discover.storyboard in Resources */,
				019C1E7D1C315575008EAF88 /* Assets.xcassets in Resources */,
				01EF0C211C3D30DC00383DF2 /* Me.storyboard in Resources */,
				01EF0C121C3D2ECB00383DF2 /* Main.storyboard in Resources */,
			);
			runOnlyForDeploymentPostprocessing = 0;
		};
/* End PBXResourcesBuildPhase section */

/* Begin PBXSourcesBuildPhase section */
		019C1E691C315575008EAF88 /* Sources */ = {
			isa = PBXSourcesBuildPhase;
			buildActionMask = 2147483647;
			files = (
				019C1F081C33F2B4008EAF88 /* WPBottomTabBar.m in Sources */,
				01EF0C1F1C3D30BD00383DF2 /* WPMeViewController.m in Sources */,
				019C1F091C33F2B4008EAF88 /* WPBottomTabBarButton.m in Sources */,
				0102646E1C4207AE00564738 /* WPReadingTableViewController.m in Sources */,
				01EF0C101C3D2EC000383DF2 /* WPMainViewController.m in Sources */,
				019C1ED71C3188DE008EAF88 /* WPMainTabBarController.m in Sources */,
				019C1ECC1C315956008EAF88 /* WPADViewController.m in Sources */,
				01EF0C151C3D2FE900383DF2 /* WPDiscoverTableViewController.m in Sources */,
				0102647A1C426FEF00564738 /* WPHomeLable.m in Sources */,
				019C1EC91C31570C008EAF88 /* main.m in Sources */,
				019C1EC81C31570C008EAF88 /* AppDelegate.m in Sources */,
				019C1ED11C315EAC008EAF88 /* UIView+WPCategory.m in Sources */,
				01EF0C1C1C3D305C00383DF2 /* WPVideoViewController.m in Sources */,
				010264761C426DC200564738 /* WPChannel.m in Sources */,
				01EF0C0D1C3D2E9600383DF2 /* WPBaseNavigationController.m in Sources */,
			);
			runOnlyForDeploymentPostprocessing = 0;
		};
/* End PBXSourcesBuildPhase section */

/* Begin PBXVariantGroup section */
		019C1E7E1C315575008EAF88 /* LaunchScreen.storyboard */ = {
			isa = PBXVariantGroup;
			children = (
				019C1E7F1C315575008EAF88 /* Base */,
			);
			name = LaunchScreen.storyboard;
			sourceTree = "<group>";
		};
/* End PBXVariantGroup section */

/* Begin XCBuildConfiguration section */
		019C1E821C315575008EAF88 /* Debug */ = {
			isa = XCBuildConfiguration;
			buildSettings = {
				ALWAYS_SEARCH_USER_PATHS = NO;
				CLANG_CXX_LANGUAGE_STANDARD = "gnu++0x";
				CLANG_CXX_LIBRARY = "libc++";
				CLANG_ENABLE_MODULES = YES;
				CLANG_ENABLE_OBJC_ARC = YES;
				CLANG_WARN_BOOL_CONVERSION = YES;
				CLANG_WARN_CONSTANT_CONVERSION = YES;
				CLANG_WARN_DIRECT_OBJC_ISA_USAGE = YES_ERROR;
				CLANG_WARN_EMPTY_BODY = YES;
				CLANG_WARN_ENUM_CONVERSION = YES;
				CLANG_WARN_INT_CONVERSION = YES;
				CLANG_WARN_OBJC_ROOT_CLASS = YES_ERROR;
				CLANG_WARN_UNREACHABLE_CODE = YES;
				CLANG_WARN__DUPLICATE_METHOD_MATCH = YES;
				"CODE_SIGN_IDENTITY[sdk=iphoneos*]" = "iPhone Developer";
				COPY_PHASE_STRIP = NO;
				DEBUG_INFORMATION_FORMAT = dwarf;
				ENABLE_STRICT_OBJC_MSGSEND = YES;
				ENABLE_TESTABILITY = YES;
				GCC_C_LANGUAGE_STANDARD = gnu99;
				GCC_DYNAMIC_NO_PIC = NO;
				GCC_NO_COMMON_BLOCKS = YES;
				GCC_OPTIMIZATION_LEVEL = 0;
				GCC_PREPROCESSOR_DEFINITIONS = (
					"DEBUG=1",
					"$(inherited)",
				);
				GCC_WARN_64_TO_32_BIT_CONVERSION = YES;
				GCC_WARN_ABOUT_RETURN_TYPE = YES_ERROR;
				GCC_WARN_UNDECLARED_SELECTOR = YES;
				GCC_WARN_UNINITIALIZED_AUTOS = YES_AGGRESSIVE;
				GCC_WARN_UNUSED_FUNCTION = YES;
				GCC_WARN_UNUSED_VARIABLE = YES;
				IPHONEOS_DEPLOYMENT_TARGET = 9.2;
				MTL_ENABLE_DEBUG_INFO = YES;
				ONLY_ACTIVE_ARCH = YES;
				SDKROOT = iphoneos;
			};
			name = Debug;
		};
		019C1E831C315575008EAF88 /* Release */ = {
			isa = XCBuildConfiguration;
			buildSettings = {
				ALWAYS_SEARCH_USER_PATHS = NO;
				CLANG_CXX_LANGUAGE_STANDARD = "gnu++0x";
				CLANG_CXX_LIBRARY = "libc++";
				CLANG_ENABLE_MODULES = YES;
				CLANG_ENABLE_OBJC_ARC = YES;
				CLANG_WARN_BOOL_CONVERSION = YES;
				CLANG_WARN_CONSTANT_CONVERSION = YES;
				CLANG_WARN_DIRECT_OBJC_ISA_USAGE = YES_ERROR;
				CLANG_WARN_EMPTY_BODY = YES;
				CLANG_WARN_ENUM_CONVERSION = YES;
				CLANG_WARN_INT_CONVERSION = YES;
				CLANG_WARN_OBJC_ROOT_CLASS = YES_ERROR;
				CLANG_WARN_UNREACHABLE_CODE = YES;
				CLANG_WARN__DUPLICATE_METHOD_MATCH = YES;
				"CODE_SIGN_IDENTITY[sdk=iphoneos*]" = "iPhone Developer";
				COPY_PHASE_STRIP = NO;
				DEBUG_INFORMATION_FORMAT = "dwarf-with-dsym";
				ENABLE_NS_ASSERTIONS = NO;
				ENABLE_STRICT_OBJC_MSGSEND = YES;
				GCC_C_LANGUAGE_STANDARD = gnu99;
				GCC_NO_COMMON_BLOCKS = YES;
				GCC_WARN_64_TO_32_BIT_CONVERSION = YES;
				GCC_WARN_ABOUT_RETURN_TYPE = YES_ERROR;
				GCC_WARN_UNDECLARED_SELECTOR = YES;
				GCC_WARN_UNINITIALIZED_AUTOS = YES_AGGRESSIVE;
				GCC_WARN_UNUSED_FUNCTION = YES;
				GCC_WARN_UNUSED_VARIABLE = YES;
				IPHONEOS_DEPLOYMENT_TARGET = 9.2;
				MTL_ENABLE_DEBUG_INFO = NO;
				SDKROOT = iphoneos;
				VALIDATE_PRODUCT = YES;
			};
			name = Release;
		};
		019C1E851C315575008EAF88 /* Debug */ = {
			isa = XCBuildConfiguration;
			buildSettings = {
				ASSETCATALOG_COMPILER_APPICON_NAME = AppIcon;
				CODE_SIGN_IDENTITY = "iPhone Developer";
				GCC_PRECOMPILE_PREFIX_HEADER = YES;
				GCC_PREFIX_HEADER = "$(SRCROOT)/$(ProDUCT_NAME)WPNTES/Classes/Other/Tools/PrefixHeader.pch";
				INFOPLIST_FILE = WPNTES/Info.plist;
				IPHONEOS_DEPLOYMENT_TARGET = 8.0;
				LD_RUNPATH_SEARCH_PATHS = "$(inherited) @executable_path/Frameworks";
				PRODUCT_BUNDLE_IDENTIFIER = com.wangpeng.WPNTEStest;
				PRODUCT_NAME = "$(TARGET_NAME)";
			};
			name = Debug;
		};
		019C1E861C315575008EAF88 /* Release */ = {
			isa = XCBuildConfiguration;
			buildSettings = {
				ASSETCATALOG_COMPILER_APPICON_NAME = AppIcon;
				CODE_SIGN_IDENTITY = "iPhone Developer";
				GCC_PRECOMPILE_PREFIX_HEADER = YES;
				GCC_PREFIX_HEADER = "$(SRCROOT)/$(ProDUCT_NAME)WPNTES/Classes/Other/Tools/PrefixHeader.pch";
				INFOPLIST_FILE = WPNTES/Info.plist;
				IPHONEOS_DEPLOYMENT_TARGET = 8.0;
				LD_RUNPATH_SEARCH_PATHS = "$(inherited) @executable_path/Frameworks";
				PRODUCT_BUNDLE_IDENTIFIER = com.wangpeng.WPNTEStest;
				PRODUCT_NAME = "$(TARGET_NAME)";
			};
			name = Release;
		};
/* End XCBuildConfiguration section */

/* Begin XCConfigurationList section */
		019C1E681C315575008EAF88 /* Build configuration list for PBXProject "WPNTES" */ = {
			isa = XCConfigurationList;
			buildConfigurations = (
				019C1E821C315575008EAF88 /* Debug */,
				019C1E831C315575008EAF88 /* Release */,
			);
			defaultConfigurationIsVisible = 0;
			defaultConfigurationName = Release;
		};
		019C1E841C315575008EAF88 /* Build configuration list for PBXNativeTarget "WPNTES" */ = {
			isa = XCConfigurationList;
			buildConfigurations = (
				019C1E851C315575008EAF88 /* Debug */,
				019C1E861C315575008EAF88 /* Release */,
			);
			defaultConfigurationIsVisible = 0;
			defaultConfigurationName = Release;
		};
/* End XCConfigurationList section */
	};
	rootObject = 019C1E651C315575008EAF88 /* Project object */;
}
